{
  "name": "mainsite",
  "lockfileVersion": 3,
  "requires": true,
  "packages": {
    "": {
      "dependencies": {
        "@tanstack/react-query": "^5.62.8"
      }
    },
    "node_modules/@tanstack/query-core": {
      "version": "5.62.8",
      "resolved": "https://registry.npmjs.org/@tanstack/query-core/-/query-core-5.62.8.tgz",
      "integrity": "sha512-4fV31vDsUyvNGrKIOUNPrZztoyL187bThnoQOvAXEVlZbSiuPONpfx53634MKKdvsDir5NyOGm80ShFaoHS/mw==",
      "funding": {
        "type": "github",
        "url": "https://github.com/sponsors/tannerlinsley"
      }
    },
    "node_modules/@tanstack/react-query": {
      "version": "5.62.8",
      "resolved": "https://registry.npmjs.org/@tanstack/react-query/-/react-query-5.62.8.tgz",
      "integrity": "sha512-8TUstKxF/fysHonZsWg/hnlDVgasTdHx6Q+f1/s/oPKJBJbKUWPZEHwLTMOZgrZuroLMiqYKJ9w69Abm8mWP0Q==",
      "dependencies": {
        "@tanstack/query-core": "5.62.8"
      },
      "funding": {
        "type": "github",
        "url": "https://github.com/sponsors/tannerlinsley"
      },
      "peerDependencies": {
        "react": "^18 || ^19"
      }
    }
  }
}
